// !$*UTF8*$!
{
	archiveVersion = 1;
	classes = {
	};
	objectVersion = 46;
	objects = {

/* Begin PBXBuildFile section */
		24404BEC12C14055972F69AE /* Pods_NetWorkTest.framework in Frameworks */ = {isa = PBXBuildFile; fileRef = 4EBFE6DBC1442AABEB8A0199 /* Pods_NetWorkTest.framework */; settings = {ATTRIBUTES = (Required, ); }; };
		3A58313920143BC80072FE76 /* main.m in Sources */ = {isa = PBXBuildFile; fileRef = 3A58313820143BC80072FE76 /* main.m */; };
		3A58313C20143BC80072FE76 /* AppDelegate.m in Sources */ = {isa = PBXBuildFile; fileRef = 3A58313B20143BC80072FE76 /* AppDelegate.m */; };
		3A58313F20143BC80072FE76 /* ViewController.m in Sources */ = {isa = PBXBuildFile; fileRef = 3A58313E20143BC80072FE76 /* ViewController.m */; };
		3A58314220143BC80072FE76 /* Main.storyboard in Resources */ = {isa = PBXBuildFile; fileRef = 3A58314020143BC80072FE76 /* Main.storyboard */; };
		3A58314420143BC80072FE76 /* Assets.xcassets in Resources */ = {isa = PBXBuildFile; fileRef = 3A58314320143BC80072FE76 /* Assets.xcassets */; };
		3A58314720143BC80072FE76 /* LaunchScreen.storyboard in Resources */ = {isa = PBXBuildFile; fileRef = 3A58314520143BC80072FE76 /* LaunchScreen.storyboard */; };
		3A58319520143C1B0072FE76 /* AFAutoPurgingImageCache.m in Sources */ = {isa = PBXBuildFile; fileRef = 3A58318220143C1B0072FE76 /* AFAutoPurgingImageCache.m */; };
		3A58319620143C1B0072FE76 /* AFImageDownloader.m in Sources */ = {isa = PBXBuildFile; fileRef = 3A58318420143C1B0072FE76 /* AFImageDownloader.m */; };
		3A58319720143C1B0072FE76 /* AFNetworkActivityIndicatorManager.m in Sources */ = {isa = PBXBuildFile; fileRef = 3A58318620143C1B0072FE76 /* AFNetworkActivityIndicatorManager.m */; };
		3A58319820143C1B0072FE76 /* UIActivityIndicatorView+AFNetworking.m in Sources */ = {isa = PBXBuildFile; fileRef = 3A58318820143C1B0072FE76 /* UIActivityIndicatorView+AFNetworking.m */; };
		3A58319920143C1B0072FE76 /* UIButton+AFNetworking.m in Sources */ = {isa = PBXBuildFile; fileRef = 3A58318A20143C1B0072FE76 /* UIButton+AFNetworking.m */; };
		3A58319A20143C1B0072FE76 /* UIImageView+AFNetworking.m in Sources */ = {isa = PBXBuildFile; fileRef = 3A58318D20143C1B0072FE76 /* UIImageView+AFNetworking.m */; };
		3A58319B20143C1B0072FE76 /* UIProgressView+AFNetworking.m in Sources */ = {isa = PBXBuildFile; fileRef = 3A58319020143C1B0072FE76 /* UIProgressView+AFNetworking.m */; };
		3A58319C20143C1B0072FE76 /* UIRefreshControl+AFNetworking.m in Sources */ = {isa = PBXBuildFile; fileRef = 3A58319220143C1B0072FE76 /* UIRefreshControl+AFNetworking.m */; };
		3A58319D20143C1B0072FE76 /* UIWebView+AFNetworking.m in Sources */ = {isa = PBXBuildFile; fileRef = 3A58319420143C1B0072FE76 /* UIWebView+AFNetworking.m */; };
		3A5831AC20143CDF0072FE76 /* AFHTTPSessionManager.m in Sources */ = {isa = PBXBuildFile; fileRef = 3A5831A020143CDF0072FE76 /* AFHTTPSessionManager.m */; };
		3A5831AD20143CDF0072FE76 /* AFNetworkReachabilityManager.m in Sources */ = {isa = PBXBuildFile; fileRef = 3A5831A320143CDF0072FE76 /* AFNetworkReachabilityManager.m */; };
		3A5831AE20143CDF0072FE76 /* AFSecurityPolicy.m in Sources */ = {isa = PBXBuildFile; fileRef = 3A5831A520143CDF0072FE76 /* AFSecurityPolicy.m */; };
		3A5831AF20143CDF0072FE76 /* AFURLRequestSerialization.m in Sources */ = {isa = PBXBuildFile; fileRef = 3A5831A720143CDF0072FE76 /* AFURLRequestSerialization.m */; };
		3A5831B020143CDF0072FE76 /* AFURLResponseSerialization.m in Sources */ = {isa = PBXBuildFile; fileRef = 3A5831A920143CDF0072FE76 /* AFURLResponseSerialization.m */; };
		3A5831B120143CDF0072FE76 /* AFURLSessionManager.m in Sources */ = {isa = PBXBuildFile; fileRef = 3A5831AB20143CDF0072FE76 /* AFURLSessionManager.m */; };
		3ACF8269202C4A8C0090E7AF /* LYDLogFormatter.m in Sources */ = {isa = PBXBuildFile; fileRef = 3ACF8268202C4A8C0090E7AF /* LYDLogFormatter.m */; };
/* End PBXBuildFile section */

/* Begin PBXFileReference section */
		3A58313420143BC80072FE76 /* NetWorkTest.app */ = {isa = PBXFileReference; explicitFileType = wrapper.application; includeInIndex = 0; path = NetWorkTest.app; sourceTree = BUILT_PRODUCTS_DIR; };
		3A58313820143BC80072FE76 /* main.m */ = {isa = PBXFileReference; lastKnownFileType = sourcecode.c.objc; path = main.m; sourceTree = "<group>"; };
		3A58313A20143BC80072FE76 /* AppDelegate.h */ = {isa = PBXFileReference; lastKnownFileType = sourcecode.c.h; path = AppDelegate.h; sourceTree = "<group>"; };
		3A58313B20143BC80072FE76 /* AppDelegate.m */ = {isa = PBXFileReference; lastKnownFileType = sourcecode.c.objc; path = AppDelegate.m; sourceTree = "<group>"; };
		3A58313D20143BC80072FE76 /* ViewController.h */ = {isa = PBXFileReference; lastKnownFileType = sourcecode.c.h; path = ViewController.h; sourceTree = "<group>"; };
		3A58313E20143BC80072FE76 /* ViewController.m */ = {isa = PBXFileReference; lastKnownFileType = sourcecode.c.objc; path = ViewController.m; sourceTree = "<group>"; };
		3A58314120143BC80072FE76 /* Base */ = {isa = PBXFileReference; lastKnownFileType = file.storyboard; name = Base; path = Base.lproj/Main.storyboard; sourceTree = "<group>"; };
		3A58314320143BC80072FE76 /* Assets.xcassets */ = {isa = PBXFileReference; lastKnownFileType = folder.assetcatalog; path = Assets.xcassets; sourceTree = "<group>"; };
		3A58314620143BC80072FE76 /* Base */ = {isa = PBXFileReference; lastKnownFileType = file.storyboard; name = Base; path = Base.lproj/LaunchScreen.storyboard; sourceTree = "<group>"; };
		3A58314820143BC80072FE76 /* Info.plist */ = {isa = PBXFileReference; lastKnownFileType = text.plist.xml; path = Info.plist; sourceTree = "<group>"; };
		3A58318120143C1B0072FE76 /* AFAutoPurgingImageCache.h */ = {isa = PBXFileReference; fileEncoding = 4; lastKnownFileType = sourcecode.c.h; path = AFAutoPurgingImageCache.h; sourceTree = "<group>"; };
		3A58318220143C1B0072FE76 /* AFAutoPurgingImageCache.m */ = {isa = PBXFileReference; fileEncoding = 4; lastKnownFileType = sourcecode.c.objc; path = AFAutoPurgingImageCache.m; sourceTree = "<group>"; };
		3A58318320143C1B0072FE76 /* AFImageDownloader.h */ = {isa = PBXFileReference; fileEncoding = 4; lastKnownFileType = sourcecode.c.h; path = AFImageDownloader.h; sourceTree = "<group>"; };
		3A58318420143C1B0072FE76 /* AFImageDownloader.m */ = {isa = PBXFileReference; fileEncoding = 4; lastKnownFileType = sourcecode.c.objc; path = AFImageDownloader.m; sourceTree = "<group>"; };
		3A58318520143C1B0072FE76 /* AFNetworkActivityIndicatorManager.h */ = {isa = PBXFileReference; fileEncoding = 4; lastKnownFileType = sourcecode.c.h; path = AFNetworkActivityIndicatorManager.h; sourceTree = "<group>"; };
		3A58318620143C1B0072FE76 /* AFNetworkActivityIndicatorManager.m */ = {isa = PBXFileReference; fileEncoding = 4; lastKnownFileType = sourcecode.c.objc; path = AFNetworkActivityIndicatorManager.m; sourceTree = "<group>"; };
		3A58318720143C1B0072FE76 /* UIActivityIndicatorView+AFNetworking.h */ = {isa = PBXFileReference; fileEncoding = 4; lastKnownFileType = sourcecode.c.h; path = "UIActivityIndicatorView+AFNetworking.h"; sourceTree = "<group>"; };
		3A58318820143C1B0072FE76 /* UIActivityIndicatorView+AFNetworking.m */ = {isa = PBXFileReference; fileEncoding = 4; lastKnownFileType = sourcecode.c.objc; path = "UIActivityIndicatorView+AFNetworking.m"; sourceTree = "<group>"; };
		3A58318920143C1B0072FE76 /* UIButton+AFNetworking.h */ = {isa = PBXFileReference; fileEncoding = 4; lastKnownFileType = sourcecode.c.h; path = "UIButton+AFNetworking.h"; sourceTree = "<group>"; };
		3A58318A20143C1B0072FE76 /* UIButton+AFNetworking.m */ = {isa = PBXFileReference; fileEncoding = 4; lastKnownFileType = sourcecode.c.objc; path = "UIButton+AFNetworking.m"; sourceTree = "<group>"; };
		3A58318B20143C1B0072FE76 /* UIImage+AFNetworking.h */ = {isa = PBXFileReference; fileEncoding = 4; lastKnownFileType = sourcecode.c.h; path = "UIImage+AFNetworking.h"; sourceTree = "<group>"; };
		3A58318C20143C1B0072FE76 /* UIImageView+AFNetworking.h */ = {isa = PBXFileReference; fileEncoding = 4; lastKnownFileType = sourcecode.c.h; path = "UIImageView+AFNetworking.h"; sourceTree = "<group>"; };
		3A58318D20143C1B0072FE76 /* UIImageView+AFNetworking.m */ = {isa = PBXFileReference; fileEncoding = 4; lastKnownFileType = sourcecode.c.objc; path = "UIImageView+AFNetworking.m"; sourceTree = "<group>"; };
		3A58318E20143C1B0072FE76 /* UIKit+AFNetworking.h */ = {isa = PBXFileReference; fileEncoding = 4; lastKnownFileType = sourcecode.c.h; path = "UIKit+AFNetworking.h"; sourceTree = "<group>"; };
		3A58318F20143C1B0072FE76 /* UIProgressView+AFNetworking.h */ = {isa = PBXFileReference; fileEncoding = 4; lastKnownFileType = sourcecode.c.h; path = "UIProgressView+AFNetworking.h"; sourceTree = "<group>"; };
		3A58319020143C1B0072FE76 /* UIProgressView+AFNetworking.m */ = {isa = PBXFileReference; fileEncoding = 4; lastKnownFileType = sourcecode.c.objc; path = "UIProgressView+AFNetworking.m"; sourceTree = "<group>"; };
		3A58319120143C1B0072FE76 /* UIRefreshControl+AFNetworking.h */ = {isa = PBXFileReference; fileEncoding = 4; lastKnownFileType = sourcecode.c.h; path = "UIRefreshControl+AFNetworking.h"; sourceTree = "<group>"; };
		3A58319220143C1B0072FE76 /* UIRefreshControl+AFNetworking.m */ = {isa = PBXFileReference; fileEncoding = 4; lastKnownFileType = sourcecode.c.objc; path = "UIRefreshControl+AFNetworking.m"; sourceTree = "<group>"; };
		3A58319320143C1B0072FE76 /* UIWebView+AFNetworking.h */ = {isa = PBXFileReference; fileEncoding = 4; lastKnownFileType = sourcecode.c.h; path = "UIWebView+AFNetworking.h"; sourceTree = "<group>"; };
		3A58319420143C1B0072FE76 /* UIWebView+AFNetworking.m */ = {isa = PBXFileReference; fileEncoding = 4; lastKnownFileType = sourcecode.c.objc; path = "UIWebView+AFNetworking.m"; sourceTree = "<group>"; };
		3A58319F20143CDF0072FE76 /* AFHTTPSessionManager.h */ = {isa = PBXFileReference; fileEncoding = 4; lastKnownFileType = sourcecode.c.h; path = AFHTTPSessionManager.h; sourceTree = "<group>"; };
		3A5831A020143CDF0072FE76 /* AFHTTPSessionManager.m */ = {isa = PBXFileReference; fileEncoding = 4; lastKnownFileType = sourcecode.c.objc; path = AFHTTPSessionManager.m; sourceTree = "<group>"; };
		3A5831A120143CDF0072FE76 /* AFNetworking.h */ = {isa = PBXFileReference; fileEncoding = 4; lastKnownFileType = sourcecode.c.h; path = AFNetworking.h; sourceTree = "<group>"; };
		3A5831A220143CDF0072FE76 /* AFNetworkReachabilityManager.h */ = {isa = PBXFileReference; fileEncoding = 4; lastKnownFileType = sourcecode.c.h; path = AFNetworkReachabilityManager.h; sourceTree = "<group>"; };
		3A5831A320143CDF0072FE76 /* AFNetworkReachabilityManager.m */ = {isa = PBXFileReference; fileEncoding = 4; lastKnownFileType = sourcecode.c.objc; path = AFNetworkReachabilityManager.m; sourceTree = "<group>"; };
		3A5831A420143CDF0072FE76 /* AFSecurityPolicy.h */ = {isa = PBXFileReference; fileEncoding = 4; lastKnownFileType = sourcecode.c.h; path = AFSecurityPolicy.h; sourceTree = "<group>"; };
		3A5831A520143CDF0072FE76 /* AFSecurityPolicy.m */ = {isa = PBXFileReference; fileEncoding = 4; lastKnownFileType = sourcecode.c.objc; path = AFSecurityPolicy.m; sourceTree = "<group>"; };
		3A5831A620143CDF0072FE76 /* AFURLRequestSerialization.h */ = {isa = PBXFileReference; fileEncoding = 4; lastKnownFileType = sourcecode.c.h; path = AFURLRequestSerialization.h; sourceTree = "<group>"; };
		3A5831A720143CDF0072FE76 /* AFURLRequestSerialization.m */ = {isa = PBXFileReference; fileEncoding = 4; lastKnownFileType = sourcecode.c.objc; path = AFURLRequestSerialization.m; sourceTree = "<group>"; };
		3A5831A820143CDF0072FE76 /* AFURLResponseSerialization.h */ = {isa = PBXFileReference; fileEncoding = 4; lastKnownFileType = sourcecode.c.h; path = AFURLResponseSerialization.h; sourceTree = "<group>"; };
		3A5831A920143CDF0072FE76 /* AFURLResponseSerialization.m */ = {isa = PBXFileReference; fileEncoding = 4; lastKnownFileType = sourcecode.c.objc; path = AFURLResponseSerialization.m; sourceTree = "<group>"; };
		3A5831AA20143CDF0072FE76 /* AFURLSessionManager.h */ = {isa = PBXFileReference; fileEncoding = 4; lastKnownFileType = sourcecode.c.h; path = AFURLSessionManager.h; sourceTree = "<group>"; };
		3A5831AB20143CDF0072FE76 /* AFURLSessionManager.m */ = {isa = PBXFileReference; fileEncoding = 4; lastKnownFileType = sourcecode.c.objc; path = AFURLSessionManager.m; sourceTree = "<group>"; };
		3ACF8266202C3E4B0090E7AF /* PrefixHeader.pch */ = {isa = PBXFileReference; lastKnownFileType = sourcecode.c.h; path = PrefixHeader.pch; sourceTree = "<group>"; };
		3ACF8267202C4A8C0090E7AF /* LYDLogFormatter.h */ = {isa = PBXFileReference; lastKnownFileType = sourcecode.c.h; path = LYDLogFormatter.h; sourceTree = "<group>"; };
		3ACF8268202C4A8C0090E7AF /* LYDLogFormatter.m */ = {isa = PBXFileReference; lastKnownFileType = sourcecode.c.objc; path = LYDLogFormatter.m; sourceTree = "<group>"; };
		4EBFE6DBC1442AABEB8A0199 /* Pods_NetWorkTest.framework */ = {isa = PBXFileReference; explicitFileType = wrapper.framework; includeInIndex = 0; path = Pods_NetWorkTest.framework; sourceTree = BUILT_PRODUCTS_DIR; };
		7D4C2620DF88CFD276C5F04E /* Pods-NetWorkTest.debug.xcconfig */ = {isa = PBXFileReference; includeInIndex = 1; lastKnownFileType = text.xcconfig; name = "Pods-NetWorkTest.debug.xcconfig"; path = "Pods/Target Support Files/Pods-NetWorkTest/Pods-NetWorkTest.debug.xcconfig"; sourceTree = "<group>"; };
		EB7574DC885702E241DAB3B7 /* Pods-NetWorkTest.release.xcconfig */ = {isa = PBXFileReference; includeInIndex = 1; lastKnownFileType = text.xcconfig; name = "Pods-NetWorkTest.release.xcconfig"; path = "Pods/Target Support Files/Pods-NetWorkTest/Pods-NetWorkTest.release.xcconfig"; sourceTree = "<group>"; };
/* End PBXFileReference section */

/* Begin PBXFrameworksBuildPhase section */
		3A58313120143BC80072FE76 /* Frameworks */ = {
			isa = PBXFrameworksBuildPhase;
			buildActionMask = 2147483647;
			files = (
				24404BEC12C14055972F69AE /* Pods_NetWorkTest.framework in Frameworks */,
			);
			runOnlyForDeploymentPostprocessing = 0;
		};
/* End PBXFrameworksBuildPhase section */

/* Begin PBXGroup section */
		3A3C4B232029AEDD00EBEAA0 /* Frameworks */ = {
			isa = PBXGroup;
			children = (
				4EBFE6DBC1442AABEB8A0199 /* Pods_NetWorkTest.framework */,
			);
			name = Frameworks;
			sourceTree = "<group>";
		};
		3A58312B20143BC80072FE76 = {
			isa = PBXGroup;
			children = (
				3A58313620143BC80072FE76 /* NetWorkTest */,
				3A58313520143BC80072FE76 /* Products */,
				3A3C4B232029AEDD00EBEAA0 /* Frameworks */,
				63167437C15D0F6303D1F14B /* Pods */,
			);
			sourceTree = "<group>";
		};
		3A58313520143BC80072FE76 /* Products */ = {
			isa = PBXGroup;
			children = (
				3A58313420143BC80072FE76 /* NetWorkTest.app */,
			);
			name = Products;
			sourceTree = "<group>";
		};
		3A58313620143BC80072FE76 /* NetWorkTest */ = {
			isa = PBXGroup;
			children = (
				3A58313A20143BC80072FE76 /* AppDelegate.h */,
				3A58313B20143BC80072FE76 /* AppDelegate.m */,
				3ACF8266202C3E4B0090E7AF /* PrefixHeader.pch */,
				3A58313D20143BC80072FE76 /* ViewController.h */,
				3A58313E20143BC80072FE76 /* ViewController.m */,
				3ACF8267202C4A8C0090E7AF /* LYDLogFormatter.h */,
				3ACF8268202C4A8C0090E7AF /* LYDLogFormatter.m */,
				3A58319E20143CDF0072FE76 /* AFNetworking */,
				3A58318020143C1B0072FE76 /* UIKit+AFNetworking */,
				3A58314020143BC80072FE76 /* Main.storyboard */,
				3A58314320143BC80072FE76 /* Assets.xcassets */,
				3A58314520143BC80072FE76 /* LaunchScreen.storyboard */,
				3A58314820143BC80072FE76 /* Info.plist */,
				3A58313720143BC80072FE76 /* Supporting Files */,
			);
			path = NetWorkTest;
			sourceTree = "<group>";
		};
		3A58313720143BC80072FE76 /* Supporting Files */ = {
			isa = PBXGroup;
			children = (
				3A58313820143BC80072FE76 /* main.m */,
			);
			name = "Supporting Files";
			sourceTree = "<group>";
		};
		3A58318020143C1B0072FE76 /* UIKit+AFNetworking */ = {
			isa = PBXGroup;
			children = (
				3A58318120143C1B0072FE76 /* AFAutoPurgingImageCache.h */,
				3A58318220143C1B0072FE76 /* AFAutoPurgingImageCache.m */,
				3A58318320143C1B0072FE76 /* AFImageDownloader.h */,
				3A58318420143C1B0072FE76 /* AFImageDownloader.m */,
				3A58318520143C1B0072FE76 /* AFNetworkActivityIndicatorManager.h */,
				3A58318620143C1B0072FE76 /* AFNetworkActivityIndicatorManager.m */,
				3A58318720143C1B0072FE76 /* UIActivityIndicatorView+AFNetworking.h */,
				3A58318820143C1B0072FE76 /* UIActivityIndicatorView+AFNetworking.m */,
				3A58318920143C1B0072FE76 /* UIButton+AFNetworking.h */,
				3A58318A20143C1B0072FE76 /* UIButton+AFNetworking.m */,
				3A58318B20143C1B0072FE76 /* UIImage+AFNetworking.h */,
				3A58318C20143C1B0072FE76 /* UIImageView+AFNetworking.h */,
				3A58318D20143C1B0072FE76 /* UIImageView+AFNetworking.m */,
				3A58318E20143C1B0072FE76 /* UIKit+AFNetworking.h */,
				3A58318F20143C1B0072FE76 /* UIProgressView+AFNetworking.h */,
				3A58319020143C1B0072FE76 /* UIProgressView+AFNetworking.m */,
				3A58319120143C1B0072FE76 /* UIRefreshControl+AFNetworking.h */,
				3A58319220143C1B0072FE76 /* UIRefreshControl+AFNetworking.m */,
				3A58319320143C1B0072FE76 /* UIWebView+AFNetworking.h */,
				3A58319420143C1B0072FE76 /* UIWebView+AFNetworking.m */,
			);
			path = "UIKit+AFNetworking";
			sourceTree = "<group>";
		};
		3A58319E20143CDF0072FE76 /* AFNetworking */ = {
			isa = PBXGroup;
			children = (
				3A58319F20143CDF0072FE76 /* AFHTTPSessionManager.h */,
				3A5831A020143CDF0072FE76 /* AFHTTPSessionManager.m */,
				3A5831A120143CDF0072FE76 /* AFNetworking.h */,
				3A5831A220143CDF0072FE76 /* AFNetworkReachabilityManager.h */,
				3A5831A320143CDF0072FE76 /* AFNetworkReachabilityManager.m */,
				3A5831A420143CDF0072FE76 /* AFSecurityPolicy.h */,
				3A5831A520143CDF0072FE76 /* AFSecurityPolicy.m */,
				3A5831A620143CDF0072FE76 /* AFURLRequestSerialization.h */,
				3A5831A720143CDF0072FE76 /* AFURLRequestSerialization.m */,
				3A5831A820143CDF0072FE76 /* AFURLResponseSerialization.h */,
				3A5831A920143CDF0072FE76 /* AFURLResponseSerialization.m */,
				3A5831AA20143CDF0072FE76 /* AFURLSessionManager.h */,
				3A5831AB20143CDF0072FE76 /* AFURLSessionManager.m */,
			);
			path = AFNetworking;
			sourceTree = "<group>";
		};
		63167437C15D0F6303D1F14B /* Pods */ = {
			isa = PBXGroup;
			children = (
				7D4C2620DF88CFD276C5F04E /* Pods-NetWorkTest.debug.xcconfig */,
				EB7574DC885702E241DAB3B7 /* Pods-NetWorkTest.release.xcconfig */,
			);
			name = Pods;
			sourceTree = "<group>";
		};
/* End PBXGroup section */

/* Begin PBXNativeTarget section */
		3A58313320143BC80072FE76 /* NetWorkTest */ = {
			isa = PBXNativeTarget;
			buildConfigurationList = 3A58314B20143BC80072FE76 /* Build configuration list for PBXNativeTarget "NetWorkTest" */;
			buildPhases = (
				B8DBDC5B24869F74462C266B /* [CP] Check Pods Manifest.lock */,
				3A58313020143BC80072FE76 /* Sources */,
				3A58313120143BC80072FE76 /* Frameworks */,
				3A58313220143BC80072FE76 /* Resources */,
				238D5A40941E43DD44279AC8 /* [CP] Embed Pods Frameworks */,
				3DA6C3C2E2F50BC509FCFCD3 /* [CP] Copy Pods Resources */,
			);
			buildRules = (
			);
			dependencies = (
			);
			name = NetWorkTest;
			productName = NetWorkTest;
			productReference = 3A58313420143BC80072FE76 /* NetWorkTest.app */;
			productType = "com.apple.product-type.application";
		};
/* End PBXNativeTarget section */

/* Begin PBXProject section */
		3A58312C20143BC80072FE76 /* Project object */ = {
			isa = PBXProject;
			attributes = {
				LastUpgradeCheck = 0920;
				ORGANIZATIONNAME = XiaoHai;
				TargetAttributes = {
					3A58313320143BC80072FE76 = {
						CreatedOnToolsVersion = 8.3.3;
						DevelopmentTeam = 5UDYBXZM38;
						ProvisioningStyle = Automatic;
					};
				};
			};
			buildConfigurationList = 3A58312F20143BC80072FE76 /* Build configuration list for PBXProject "NetWorkTest" */;
			compatibilityVersion = "Xcode 3.2";
			developmentRegion = English;
			hasScannedForEncodings = 0;
			knownRegions = (
				en,
				Base,
			);
			mainGroup = 3A58312B20143BC80072FE76;
			productRefGroup = 3A58313520143BC80072FE76 /* Products */;
			projectDirPath = "";
			projectRoot = "";
			targets = (
				3A58313320143BC80072FE76 /* NetWorkTest */,
			);
		};
/* End PBXProject section */

/* Begin PBXResourcesBuildPhase section */
		3A58313220143BC80072FE76 /* Resources */ = {
			isa = PBXResourcesBuildPhase;
			buildActionMask = 2147483647;
			files = (
				3A58314720143BC80072FE76 /* LaunchScreen.storyboard in Resources */,
				3A58314420143BC80072FE76 /* Assets.xcassets in Resources */,
				3A58314220143BC80072FE76 /* Main.storyboard in Resources */,
			);
			runOnlyForDeploymentPostprocessing = 0;
		};
/* End PBXResourcesBuildPhase section */

/* Begin PBXShellScriptBuildPhase section */
		238D5A40941E43DD44279AC8 /* [CP] Embed Pods Frameworks */ = {
			isa = PBXShellScriptBuildPhase;
			buildActionMask = 2147483647;
			files = (
			);
			inputPaths = (
				"${SRCROOT}/Pods/Target Support Files/Pods-NetWorkTest/Pods-NetWorkTest-frameworks.sh",
				"${BUILT_PRODUCTS_DIR}/CocoaLumberjack/CocoaLumberjack.framework",
				"${BUILT_PRODUCTS_DIR}/SDWebImage/SDWebImage.framework",
			);
			name = "[CP] Embed Pods Frameworks";
			outputPaths = (
				"${TARGET_BUILD_DIR}/${FRAMEWORKS_FOLDER_PATH}/CocoaLumberjack.framework",
				"${TARGET_BUILD_DIR}/${FRAMEWORKS_FOLDER_PATH}/SDWebImage.framework",
			);
			runOnlyForDeploymentPostprocessing = 0;
			shellPath = /bin/sh;
			shellScript = "\"${SRCROOT}/Pods/Target Support Files/Pods-NetWorkTest/Pods-NetWorkTest-frameworks.sh\"\n";
			showEnvVarsInLog = 0;
		};
		3DA6C3C2E2F50BC509FCFCD3 /* [CP] Copy Pods Resources */ = {
			isa = PBXShellScriptBuildPhase;
			buildActionMask = 2147483647;
			files = (
			);
			inputPaths = (
			);
			name = "[CP] Copy Pods Resources";
			outputPaths = (
			);
			runOnlyForDeploymentPostprocessing = 0;
			shellPath = /bin/sh;
			shellScript = "\"${SRCROOT}/Pods/Target Support Files/Pods-NetWorkTest/Pods-NetWorkTest-resources.sh\"\n";
			showEnvVarsInLog = 0;
		};
		B8DBDC5B24869F74462C266B /* [CP] Check Pods Manifest.lock */ = {
			isa = PBXShellScriptBuildPhase;
			buildActionMask = 2147483647;
			files = (
			);
			inputPaths = (
				"${PODS_PODFILE_DIR_PATH}/Podfile.lock",
				"${PODS_ROOT}/Manifest.lock",
			);
			name = "[CP] Check Pods Manifest.lock";
			outputPaths = (
				"$(DERIVED_FILE_DIR)/Pods-NetWorkTest-checkManifestLockResult.txt",
			);
			runOnlyForDeploymentPostprocessing = 0;
			shellPath = /bin/sh;
			shellScript = "diff \"${PODS_PODFILE_DIR_PATH}/Podfile.lock\" \"${PODS_ROOT}/Manifest.lock\" > /dev/null\nif [ $? != 0 ] ; then\n    # print error to STDERR\n    echo \"error: The sandbox is not in sync with the Podfile.lock. Run 'pod install' or update your CocoaPods installation.\" >&2\n    exit 1\nfi\n# This output is used by Xcode 'outputs' to avoid re-running this script phase.\necho \"SUCCESS\" > \"${SCRIPT_OUTPUT_FILE_0}\"\n";
			showEnvVarsInLog = 0;
		};
/* End PBXShellScriptBuildPhase section */

/* Begin PBXSourcesBuildPhase section */
		3A58313020143BC80072FE76 /* Sources */ = {
			isa = PBXSourcesBuildPhase;
			buildActionMask = 2147483647;
			files = (
				3A5831B020143CDF0072FE76 /* AFURLResponseSerialization.m in Sources */,
				3A58319720143C1B0072FE76 /* AFNetworkActivityIndicatorManager.m in Sources */,
				3A5831AC20143CDF0072FE76 /* AFHTTPSessionManager.m in Sources */,
				3ACF8269202C4A8C0090E7AF /* LYDLogFormatter.m in Sources */,
				3A58313F20143BC80072FE76 /* ViewController.m in Sources */,
				3A5831AE20143CDF0072FE76 /* AFSecurityPolicy.m in Sources */,
				3A58319A20143C1B0072FE76 /* UIImageView+AFNetworking.m in Sources */,
				3A58319B20143C1B0072FE76 /* UIProgressView+AFNetworking.m in Sources */,
				3A5831B120143CDF0072FE76 /* AFURLSessionManager.m in Sources */,
				3A58319C20143C1B0072FE76 /* UIRefreshControl+AFNetworking.m in Sources */,
				3A58319620143C1B0072FE76 /* AFImageDownloader.m in Sources */,
				3A58319920143C1B0072FE76 /* UIButton+AFNetworking.m in Sources */,
				3A58313C20143BC80072FE76 /* AppDelegate.m in Sources */,
				3A5831AF20143CDF0072FE76 /* AFURLRequestSerialization.m in Sources */,
				3A5831AD20143CDF0072FE76 /* AFNetworkReachabilityManager.m in Sources */,
				3A58319520143C1B0072FE76 /* AFAutoPurgingImageCache.m in Sources */,
				3A58319820143C1B0072FE76 /* UIActivityIndicatorView+AFNetworking.m in Sources */,
				3A58319D20143C1B0072FE76 /* UIWebView+AFNetworking.m in Sources */,
				3A58313920143BC80072FE76 /* main.m in Sources */,
			);
			runOnlyForDeploymentPostprocessing = 0;
		};
/* End PBXSourcesBuildPhase section */

/* Begin PBXVariantGroup section */
		3A58314020143BC80072FE76 /* Main.storyboard */ = {
			isa = PBXVariantGroup;
			children = (
				3A58314120143BC80072FE76 /* Base */,
			);
			name = Main.storyboard;
			sourceTree = "<group>";
		};
		3A58314520143BC80072FE76 /* LaunchScreen.storyboard */ = {
			isa = PBXVariantGroup;
			children = (
				3A58314620143BC80072FE76 /* Base */,
			);
			name = LaunchScreen.storyboard;
			sourceTree = "<group>";
		};
/* End PBXVariantGroup section */

/* Begin XCBuildConfiguration section */
		3A58314920143BC80072FE76 /* Debug */ = {
			isa = XCBuildConfiguration;
			buildSettings = {
				ALWAYS_SEARCH_USER_PATHS = NO;
				CLANG_ANALYZER_NONNULL = YES;
				CLANG_ANALYZER_NUMBER_OBJECT_CONVERSION = YES_AGGRESSIVE;
				CLANG_CXX_LANGUAGE_STANDARD = "gnu++0x";
				CLANG_CXX_LIBRARY = "libc++";
				CLANG_ENABLE_MODULES = YES;
				CLANG_ENABLE_OBJC_ARC = YES;
				CLANG_WARN_BLOCK_CAPTURE_AUTORELEASING = YES;
				CLANG_WARN_BOOL_CONVERSION = YES;
				CLANG_WARN_COMMA = YES;
				CLANG_WARN_CONSTANT_CONVERSION = YES;
				CLANG_WARN_DIRECT_OBJC_ISA_USAGE = YES_ERROR;
				CLANG_WARN_DOCUMENTATION_COMMENTS = YES;
				CLANG_WARN_EMPTY_BODY = YES;
				CLANG_WARN_ENUM_CONVERSION = YES;
				CLANG_WARN_INFINITE_RECURSION = YES;
				CLANG_WARN_INT_CONVERSION = YES;
				CLANG_WARN_NON_LITERAL_NULL_CONVERSION = YES;
				CLANG_WARN_OBJC_LITERAL_CONVERSION = YES;
				CLANG_WARN_OBJC_ROOT_CLASS = YES_ERROR;
				CLANG_WARN_RANGE_LOOP_ANALYSIS = YES;
				CLANG_WARN_STRICT_PROTOTYPES = YES;
				CLANG_WARN_SUSPICIOUS_MOVE = YES;
				CLANG_WARN_UNREACHABLE_CODE = YES;
				CLANG_WARN__DUPLICATE_METHOD_MATCH = YES;
				"CODE_SIGN_IDENTITY[sdk=iphoneos*]" = "iPhone Developer";
				COPY_PHASE_STRIP = NO;
				DEBUG_INFORMATION_FORMAT = dwarf;
				ENABLE_STRICT_OBJC_MSGSEND = YES;
				ENABLE_TESTABILITY = YES;
				GCC_C_LANGUAGE_STANDARD = gnu99;
				GCC_DYNAMIC_NO_PIC = NO;
				GCC_NO_COMMON_BLOCKS = YES;
				GCC_OPTIMIZATION_LEVEL = 0;
				GCC_PREPROCESSOR_DEFINITIONS = (
					"DEBUG=1",
					"$(inherited)",
				);
				GCC_WARN_64_TO_32_BIT_CONVERSION = YES;
				GCC_WARN_ABOUT_RETURN_TYPE = YES_ERROR;
				GCC_WARN_UNDECLARED_SELECTOR = YES;
				GCC_WARN_UNINITIALIZED_AUTOS = YES_AGGRESSIVE;
				GCC_WARN_UNUSED_FUNCTION = YES;
				GCC_WARN_UNUSED_VARIABLE = YES;
				IPHONEOS_DEPLOYMENT_TARGET = 10.3;
				MTL_ENABLE_DEBUG_INFO = YES;
				ONLY_ACTIVE_ARCH = YES;
				SDKROOT = iphoneos;
				TARGETED_DEVICE_FAMILY = "1,2";
			};
			name = Debug;
		};
		3A58314A20143BC80072FE76 /* Release */ = {
			isa = XCBuildConfiguration;
			buildSettings = {
				ALWAYS_SEARCH_USER_PATHS = NO;
				CLANG_ANALYZER_NONNULL = YES;
				CLANG_ANALYZER_NUMBER_OBJECT_CONVERSION = YES_AGGRESSIVE;
				CLANG_CXX_LANGUAGE_STANDARD = "gnu++0x";
				CLANG_CXX_LIBRARY = "libc++";
				CLANG_ENABLE_MODULES = YES;
				CLANG_ENABLE_OBJC_ARC = YES;
				CLANG_WARN_BLOCK_CAPTURE_AUTORELEASING = YES;
				CLANG_WARN_BOOL_CONVERSION = YES;
				CLANG_WARN_COMMA = YES;
				CLANG_WARN_CONSTANT_CONVERSION = YES;
				CLANG_WARN_DIRECT_OBJC_ISA_USAGE = YES_ERROR;
				CLANG_WARN_DOCUMENTATION_COMMENTS = YES;
				CLANG_WARN_EMPTY_BODY = YES;
				CLANG_WARN_ENUM_CONVERSION = YES;
				CLANG_WARN_INFINITE_RECURSION = YES;
				CLANG_WARN_INT_CONVERSION = YES;
				CLANG_WARN_NON_LITERAL_NULL_CONVERSION = YES;
				CLANG_WARN_OBJC_LITERAL_CONVERSION = YES;
				CLANG_WARN_OBJC_ROOT_CLASS = YES_ERROR;
				CLANG_WARN_RANGE_LOOP_ANALYSIS = YES;
				CLANG_WARN_STRICT_PROTOTYPES = YES;
				CLANG_WARN_SUSPICIOUS_MOVE = YES;
				CLANG_WARN_UNREACHABLE_CODE = YES;
				CLANG_WARN__DUPLICATE_METHOD_MATCH = YES;
				"CODE_SIGN_IDENTITY[sdk=iphoneos*]" = "iPhone Developer";
				COPY_PHASE_STRIP = NO;
				DEBUG_INFORMATION_FORMAT = "dwarf-with-dsym";
				ENABLE_NS_ASSERTIONS = NO;
				ENABLE_STRICT_OBJC_MSGSEND = YES;
				GCC_C_LANGUAGE_STANDARD = gnu99;
				GCC_NO_COMMON_BLOCKS = YES;
				GCC_WARN_64_TO_32_BIT_CONVERSION = YES;
				GCC_WARN_ABOUT_RETURN_TYPE = YES_ERROR;
				GCC_WARN_UNDECLARED_SELECTOR = YES;
				GCC_WARN_UNINITIALIZED_AUTOS = YES_AGGRESSIVE;
				GCC_WARN_UNUSED_FUNCTION = YES;
				GCC_WARN_UNUSED_VARIABLE = YES;
				IPHONEOS_DEPLOYMENT_TARGET = 10.3;
				MTL_ENABLE_DEBUG_INFO = NO;
				SDKROOT = iphoneos;
				TARGETED_DEVICE_FAMILY = "1,2";
				VALIDATE_PRODUCT = YES;
			};
			name = Release;
		};
		3A58314C20143BC80072FE76 /* Debug */ = {
			isa = XCBuildConfiguration;
			baseConfigurationReference = 7D4C2620DF88CFD276C5F04E /* Pods-NetWorkTest.debug.xcconfig */;
			buildSettings = {
				ASSETCATALOG_COMPILER_APPICON_NAME = AppIcon;
				DEVELOPMENT_TEAM = 5UDYBXZM38;
				GCC_PRECOMPILE_PREFIX_HEADER = YES;
				GCC_PREFIX_HEADER = "$(SRCROOT)/NetWorkTest/PrefixHeader.pch";
				HEADER_SEARCH_PATHS = "";
				INFOPLIST_FILE = NetWorkTest/Info.plist;
				IPHONEOS_DEPLOYMENT_TARGET = 10.1;
				LD_RUNPATH_SEARCH_PATHS = "$(inherited) @executable_path/Frameworks";
				PRODUCT_BUNDLE_IDENTIFIER = XiaoHai.NetWorkTest;
				PRODUCT_NAME = "$(TARGET_NAME)";
			};
			name = Debug;
		};
		3A58314D20143BC80072FE76 /* Release */ = {
			isa = XCBuildConfiguration;
			baseConfigurationReference = EB7574DC885702E241DAB3B7 /* Pods-NetWorkTest.release.xcconfig */;
			buildSettings = {
				ASSETCATALOG_COMPILER_APPICON_NAME = AppIcon;
				DEVELOPMENT_TEAM = 5UDYBXZM38;
				GCC_PRECOMPILE_PREFIX_HEADER = YES;
				GCC_PREFIX_HEADER = "$(SRCROOT)/NetWorkTest/PrefixHeader.pch";
				HEADER_SEARCH_PATHS = "";
				INFOPLIST_FILE = NetWorkTest/Info.plist;
				IPHONEOS_DEPLOYMENT_TARGET = 10.1;
				LD_RUNPATH_SEARCH_PATHS = "$(inherited) @executable_path/Frameworks";
				PRODUCT_BUNDLE_IDENTIFIER = XiaoHai.NetWorkTest;
				PRODUCT_NAME = "$(TARGET_NAME)";
			};
			name = Release;
		};
/* End XCBuildConfiguration section */

/* Begin XCConfigurationList section */
		3A58312F20143BC80072FE76 /* Build configuration list for PBXProject "NetWorkTest" */ = {
			isa = XCConfigurationList;
			buildConfigurations = (
				3A58314920143BC80072FE76 /* Debug */,
				3A58314A20143BC80072FE76 /* Release */,
			);
			defaultConfigurationIsVisible = 0;
			defaultConfigurationName = Release;
		};
		3A58314B20143BC80072FE76 /* Build configuration list for PBXNativeTarget "NetWorkTest" */ = {
			isa = XCConfigurationList;
			buildConfigurations = (
				3A58314C20143BC80072FE76 /* Debug */,
				3A58314D20143BC80072FE76 /* Release */,
			);
			defaultConfigurationIsVisible = 0;
			defaultConfigurationName = Release;
		};
/* End XCConfigurationList section */
	};
	rootObject = 3A58312C20143BC80072FE76 /* Project object */;
}
